
Microsoft Visual Studio Solution File, Format Version 12.00
# Visual Studio Version 17
VisualStudioVersion = 17.11.35312.102
MinimumVisualStudioVersion = 10.0.40219.1
Project("{FAE04EC0-301F-11D3-BF4B-00C04F79EFBC}") = "labTSISA", "labTSISA.csproj", "{13F2BA47-AE82-4AB7-9670-E0543A417187}"
EndProject
Global
	GlobalSection(SolutionConfigurationPlatforms) = preSolution
		Debug|Any CPU = Debug|Any CPU
		Release|Any CPU = Release|Any CPU
	EndGlobalSection
	GlobalSection(ProjectConfigurationPlatforms) = postSolution
		{13F2BA47-AE82-4AB7-9670-E0543A417187}.Debug|Any CPU.ActiveCfg = Debug|Any CPU
		{13F2BA47-AE82-4AB7-9670-E0543A417187}.Debug|Any CPU.Build.0 = Debug|Any CPU
		{13F2BA47-AE82-4AB7-9670-E0543A417187}.Release|Any CPU.ActiveCfg = Release|Any CPU
		{13F2BA47-AE82-4AB7-9670-E0543A417187}.Release|Any CPU.Build.0 = Release|Any CPU
	EndGlobalSection
	GlobalSection(SolutionProperties) = preSolution
		HideSolutionNode = FALSE
	EndGlobalSection
	GlobalSection(ExtensibilityGlobals) = postSolution
		SolutionGuid = {C1CE0228-46F3-4921-8D81-9D8984C5AEED}
	EndGlobalSection
EndGlobal
